{
  "originHash" : "8f9753dc7c48a9780d3ea4e84374d83c732523affd11c1d1d9c6e9bc945f4624",
  "pins" : [
    {
      "identity" : "developmentkit",
      "kind" : "remoteSourceControl",
      "location" : "https://github.com/milleyin/DevelopmentKit.git",
      "state" : {
        "branch" : "Dev",
        "revision" : "015711106520628bc57f0f03b792a8ba9db5f237"
      }
    },
    {
      "identity" : "launchatlogin-modern",
      "kind" : "remoteSourceControl",
      "location" : "https://github.com/sindresorhus/LaunchAtLogin-Modern",
      "state" : {
        "branch" : "main",
        "revision" : "a04ec1c363be3627734f6dad757d82f5d4fa8fcc"
      }
    }
  ],
  "version" : 3
}
