{
  "originHash" : "9a8f86025e762fcfac2bbb86b08e5589b216c3ae6db6ca02e9e56a983ec4b626",
  "pins" : [
    {
      "identity" : "developmentkit",
      "kind" : "remoteSourceControl",
      "location" : "https://github.com/milleyin/DevelopmentKit.git",
      "state" : {
        "branch" : "Dev",
        "revision" : "a3a7494988decdedc720dbb878f52f7b9f4bf385"
      }
    },
    {
      "identity" : "navigationkit",
      "kind" : "remoteSourceControl",
      "location" : "https://github.com/milleyin/NavigationKit.git",
      "state" : {
        "revision" : "c1225aa03822b18f89ea065cc332c02e669cd3c6"
      }
    }
  ],
  "version" : 3
}
